
Microsoft Visual Studio Solution File, Format Version 12.00
# Visual Studio Version 16
VisualStudioVersion = 16.0.31911.196
MinimumVisualStudioVersion = 10.0.40219.1
Project("{8BC9CEB8-8B4A-11D0-8D11-00A0C91BC942}") = "Thread", "Thread\Thread.vcxproj", "{C70AE383-569E-4428-9F16-1FFD6C0B2078}"
EndProject
Project("{8BC9CEB8-8B4A-11D0-8D11-00A0C91BC942}") = "InterLock", "InterLock\InterLock.vcxproj", "{8FEC142C-BF1E-45B1-945C-BCBA6CF80DD6}"
EndProject
Project("{2150E333-8FDC-42A3-9474-1A3956D46DE8}") = "Part01", "Part01", "{F2A5A1DF-4E9F-4BEB-8C22-8729AC681B17}"
EndProject
Project("{2150E333-8FDC-42A3-9474-1A3956D46DE8}") = "Part02", "Part02", "{9D587055-489F-4D9D-AA13-6E34FB76A14C}"
EndProject
Project("{8BC9CEB8-8B4A-11D0-8D11-00A0C91BC942}") = "WaitThread", "WaitThread\WaitThread.vcxproj", "{F77F106B-5DF1-4844-83C6-3C4F22F56FEE}"
EndProject
Project("{8BC9CEB8-8B4A-11D0-8D11-00A0C91BC942}") = "Mutex", "Mutex\Mutex.vcxproj", "{39B38D3D-EFC4-44E5-BBA5-C690A58ED740}"
EndProject
Project("{8BC9CEB8-8B4A-11D0-8D11-00A0C91BC942}") = "MutexNoti", "MutexNoti\MutexNoti.vcxproj", "{3C94557B-80C9-4FD3-B6FA-0C006040151B}"
EndProject
Project("{8BC9CEB8-8B4A-11D0-8D11-00A0C91BC942}") = "Semaphore", "Semaphore\Semaphore.vcxproj", "{CB04F0F1-0312-4349-8A9F-D690E2561125}"
EndProject
Project("{8BC9CEB8-8B4A-11D0-8D11-00A0C91BC942}") = "TPSemaphore", "TPSemaphore\TPSemaphore.vcxproj", "{AA3D883F-A37A-4AA1-A203-7BE9C0DBAFB9}"
EndProject
Project("{2150E333-8FDC-42A3-9474-1A3956D46DE8}") = "Part04", "Part04", "{2ECDDED1-CC1C-41F9-A177-353F2AB6336E}"
EndProject
Project("{2150E333-8FDC-42A3-9474-1A3956D46DE8}") = "Part05", "Part05", "{8411871B-C9C7-4366-B022-3F68D3F6758E}"
EndProject
Project("{8BC9CEB8-8B4A-11D0-8D11-00A0C91BC942}") = "Event", "Event\Event.vcxproj", "{C99F8BF6-E7AC-4031-91FA-AC7643C54F12}"
EndProject
Project("{8BC9CEB8-8B4A-11D0-8D11-00A0C91BC942}") = "EventNotify", "EventNotify\EventNotify.vcxproj", "{2420C3AA-2948-4077-8493-A3F899E00B49}"
EndProject
Project("{8BC9CEB8-8B4A-11D0-8D11-00A0C91BC942}") = "WQNotify", "WQNotify\WQNotify.vcxproj", "{89E60C4E-0F94-414E-996D-A33F74A2F602}"
EndProject
Project("{8BC9CEB8-8B4A-11D0-8D11-00A0C91BC942}") = "EvtLock", "EvtLock\EvtLock.vcxproj", "{571227CA-5FBA-4DA6-A740-FD3C0C255B08}"
EndProject
Project("{2150E333-8FDC-42A3-9474-1A3956D46DE8}") = "Part03", "Part03", "{775B2B7F-4CE8-434D-AD68-78DC93F8D8D4}"
	ProjectSection(SolutionItems) = preProject
		뮤텍스와 크리티컬섹션의 비교.txt = 뮤텍스와 크리티컬섹션의 비교.txt
	EndProjectSection
EndProject
Project("{8BC9CEB8-8B4A-11D0-8D11-00A0C91BC942}") = "CriticalSectionTest", "CriticalSectionTest\CriticalSectionTest.vcxproj", "{B8F27CBD-7FBA-4FF6-B4E4-1C1979C8666C}"
EndProject
Project("{8BC9CEB8-8B4A-11D0-8D11-00A0C91BC942}") = "MyCSLock", "MyCSLock\MyCSLock.vcxproj", "{BF2070F1-7D53-49BF-99A8-9267D54849CD}"
EndProject
Project("{8BC9CEB8-8B4A-11D0-8D11-00A0C91BC942}") = "CSQueue", "CSQueue\CSQueue.vcxproj", "{40745626-8901-4D22-986B-8B2FECB665BA}"
EndProject
Project("{8BC9CEB8-8B4A-11D0-8D11-00A0C91BC942}") = "SRWLockTest", "SRWLockTest\SRWLockTest.vcxproj", "{A2D28288-61AE-4B4F-9E25-521A78C1E71E}"
EndProject
Project("{2150E333-8FDC-42A3-9474-1A3956D46DE8}") = "동기 C-S(1대1)", "동기 C-S(1대1)", "{2A757C6E-865B-4EC7-8017-E9B9DA23B075}"
EndProject
Project("{8BC9CEB8-8B4A-11D0-8D11-00A0C91BC942}") = "EchoClient", "EchoClient\EchoClient.vcxproj", "{B3EFB6FD-E477-451F-B53B-9B03263E854F}"
EndProject
Project("{8BC9CEB8-8B4A-11D0-8D11-00A0C91BC942}") = "EchoServer", "EchoServer\EchoServer.vcxproj", "{D5CF50FC-B939-4A7F-AD95-A1F958EE3742}"
EndProject
Global
	GlobalSection(SolutionConfigurationPlatforms) = preSolution
		Debug|x64 = Debug|x64
		Debug|x86 = Debug|x86
		Release|x64 = Release|x64
		Release|x86 = Release|x86
	EndGlobalSection
	GlobalSection(ProjectConfigurationPlatforms) = postSolution
		{C70AE383-569E-4428-9F16-1FFD6C0B2078}.Debug|x64.ActiveCfg = Debug|x64
		{C70AE383-569E-4428-9F16-1FFD6C0B2078}.Debug|x64.Build.0 = Debug|x64
		{C70AE383-569E-4428-9F16-1FFD6C0B2078}.Debug|x86.ActiveCfg = Debug|Win32
		{C70AE383-569E-4428-9F16-1FFD6C0B2078}.Debug|x86.Build.0 = Debug|Win32
		{C70AE383-569E-4428-9F16-1FFD6C0B2078}.Release|x64.ActiveCfg = Release|x64
		{C70AE383-569E-4428-9F16-1FFD6C0B2078}.Release|x64.Build.0 = Release|x64
		{C70AE383-569E-4428-9F16-1FFD6C0B2078}.Release|x86.ActiveCfg = Release|Win32
		{C70AE383-569E-4428-9F16-1FFD6C0B2078}.Release|x86.Build.0 = Release|Win32
		{8FEC142C-BF1E-45B1-945C-BCBA6CF80DD6}.Debug|x64.ActiveCfg = Debug|x64
		{8FEC142C-BF1E-45B1-945C-BCBA6CF80DD6}.Debug|x64.Build.0 = Debug|x64
		{8FEC142C-BF1E-45B1-945C-BCBA6CF80DD6}.Debug|x86.ActiveCfg = Debug|Win32
		{8FEC142C-BF1E-45B1-945C-BCBA6CF80DD6}.Debug|x86.Build.0 = Debug|Win32
		{8FEC142C-BF1E-45B1-945C-BCBA6CF80DD6}.Release|x64.ActiveCfg = Release|x64
		{8FEC142C-BF1E-45B1-945C-BCBA6CF80DD6}.Release|x64.Build.0 = Release|x64
		{8FEC142C-BF1E-45B1-945C-BCBA6CF80DD6}.Release|x86.ActiveCfg = Release|Win32
		{8FEC142C-BF1E-45B1-945C-BCBA6CF80DD6}.Release|x86.Build.0 = Release|Win32
		{F77F106B-5DF1-4844-83C6-3C4F22F56FEE}.Debug|x64.ActiveCfg = Debug|x64
		{F77F106B-5DF1-4844-83C6-3C4F22F56FEE}.Debug|x64.Build.0 = Debug|x64
		{F77F106B-5DF1-4844-83C6-3C4F22F56FEE}.Debug|x86.ActiveCfg = Debug|Win32
		{F77F106B-5DF1-4844-83C6-3C4F22F56FEE}.Debug|x86.Build.0 = Debug|Win32
		{F77F106B-5DF1-4844-83C6-3C4F22F56FEE}.Release|x64.ActiveCfg = Release|x64
		{F77F106B-5DF1-4844-83C6-3C4F22F56FEE}.Release|x64.Build.0 = Release|x64
		{F77F106B-5DF1-4844-83C6-3C4F22F56FEE}.Release|x86.ActiveCfg = Release|Win32
		{F77F106B-5DF1-4844-83C6-3C4F22F56FEE}.Release|x86.Build.0 = Release|Win32
		{39B38D3D-EFC4-44E5-BBA5-C690A58ED740}.Debug|x64.ActiveCfg = Debug|x64
		{39B38D3D-EFC4-44E5-BBA5-C690A58ED740}.Debug|x64.Build.0 = Debug|x64
		{39B38D3D-EFC4-44E5-BBA5-C690A58ED740}.Debug|x86.ActiveCfg = Debug|Win32
		{39B38D3D-EFC4-44E5-BBA5-C690A58ED740}.Debug|x86.Build.0 = Debug|Win32
		{39B38D3D-EFC4-44E5-BBA5-C690A58ED740}.Release|x64.ActiveCfg = Release|x64
		{39B38D3D-EFC4-44E5-BBA5-C690A58ED740}.Release|x64.Build.0 = Release|x64
		{39B38D3D-EFC4-44E5-BBA5-C690A58ED740}.Release|x86.ActiveCfg = Release|Win32
		{39B38D3D-EFC4-44E5-BBA5-C690A58ED740}.Release|x86.Build.0 = Release|Win32
		{3C94557B-80C9-4FD3-B6FA-0C006040151B}.Debug|x64.ActiveCfg = Debug|x64
		{3C94557B-80C9-4FD3-B6FA-0C006040151B}.Debug|x64.Build.0 = Debug|x64
		{3C94557B-80C9-4FD3-B6FA-0C006040151B}.Debug|x86.ActiveCfg = Debug|Win32
		{3C94557B-80C9-4FD3-B6FA-0C006040151B}.Debug|x86.Build.0 = Debug|Win32
		{3C94557B-80C9-4FD3-B6FA-0C006040151B}.Release|x64.ActiveCfg = Release|x64
		{3C94557B-80C9-4FD3-B6FA-0C006040151B}.Release|x64.Build.0 = Release|x64
		{3C94557B-80C9-4FD3-B6FA-0C006040151B}.Release|x86.ActiveCfg = Release|Win32
		{3C94557B-80C9-4FD3-B6FA-0C006040151B}.Release|x86.Build.0 = Release|Win32
		{CB04F0F1-0312-4349-8A9F-D690E2561125}.Debug|x64.ActiveCfg = Debug|x64
		{CB04F0F1-0312-4349-8A9F-D690E2561125}.Debug|x64.Build.0 = Debug|x64
		{CB04F0F1-0312-4349-8A9F-D690E2561125}.Debug|x86.ActiveCfg = Debug|Win32
		{CB04F0F1-0312-4349-8A9F-D690E2561125}.Debug|x86.Build.0 = Debug|Win32
		{CB04F0F1-0312-4349-8A9F-D690E2561125}.Release|x64.ActiveCfg = Release|x64
		{CB04F0F1-0312-4349-8A9F-D690E2561125}.Release|x64.Build.0 = Release|x64
		{CB04F0F1-0312-4349-8A9F-D690E2561125}.Release|x86.ActiveCfg = Release|Win32
		{CB04F0F1-0312-4349-8A9F-D690E2561125}.Release|x86.Build.0 = Release|Win32
		{AA3D883F-A37A-4AA1-A203-7BE9C0DBAFB9}.Debug|x64.ActiveCfg = Debug|x64
		{AA3D883F-A37A-4AA1-A203-7BE9C0DBAFB9}.Debug|x64.Build.0 = Debug|x64
		{AA3D883F-A37A-4AA1-A203-7BE9C0DBAFB9}.Debug|x86.ActiveCfg = Debug|Win32
		{AA3D883F-A37A-4AA1-A203-7BE9C0DBAFB9}.Debug|x86.Build.0 = Debug|Win32
		{AA3D883F-A37A-4AA1-A203-7BE9C0DBAFB9}.Release|x64.ActiveCfg = Release|x64
		{AA3D883F-A37A-4AA1-A203-7BE9C0DBAFB9}.Release|x64.Build.0 = Release|x64
		{AA3D883F-A37A-4AA1-A203-7BE9C0DBAFB9}.Release|x86.ActiveCfg = Release|Win32
		{AA3D883F-A37A-4AA1-A203-7BE9C0DBAFB9}.Release|x86.Build.0 = Release|Win32
		{C99F8BF6-E7AC-4031-91FA-AC7643C54F12}.Debug|x64.ActiveCfg = Debug|x64
		{C99F8BF6-E7AC-4031-91FA-AC7643C54F12}.Debug|x64.Build.0 = Debug|x64
		{C99F8BF6-E7AC-4031-91FA-AC7643C54F12}.Debug|x86.ActiveCfg = Debug|Win32
		{C99F8BF6-E7AC-4031-91FA-AC7643C54F12}.Debug|x86.Build.0 = Debug|Win32
		{C99F8BF6-E7AC-4031-91FA-AC7643C54F12}.Release|x64.ActiveCfg = Release|x64
		{C99F8BF6-E7AC-4031-91FA-AC7643C54F12}.Release|x64.Build.0 = Release|x64
		{C99F8BF6-E7AC-4031-91FA-AC7643C54F12}.Release|x86.ActiveCfg = Release|Win32
		{C99F8BF6-E7AC-4031-91FA-AC7643C54F12}.Release|x86.Build.0 = Release|Win32
		{2420C3AA-2948-4077-8493-A3F899E00B49}.Debug|x64.ActiveCfg = Debug|x64
		{2420C3AA-2948-4077-8493-A3F899E00B49}.Debug|x64.Build.0 = Debug|x64
		{2420C3AA-2948-4077-8493-A3F899E00B49}.Debug|x86.ActiveCfg = Debug|Win32
		{2420C3AA-2948-4077-8493-A3F899E00B49}.Debug|x86.Build.0 = Debug|Win32
		{2420C3AA-2948-4077-8493-A3F899E00B49}.Release|x64.ActiveCfg = Release|x64
		{2420C3AA-2948-4077-8493-A3F899E00B49}.Release|x64.Build.0 = Release|x64
		{2420C3AA-2948-4077-8493-A3F899E00B49}.Release|x86.ActiveCfg = Release|Win32
		{2420C3AA-2948-4077-8493-A3F899E00B49}.Release|x86.Build.0 = Release|Win32
		{89E60C4E-0F94-414E-996D-A33F74A2F602}.Debug|x64.ActiveCfg = Debug|x64
		{89E60C4E-0F94-414E-996D-A33F74A2F602}.Debug|x64.Build.0 = Debug|x64
		{89E60C4E-0F94-414E-996D-A33F74A2F602}.Debug|x86.ActiveCfg = Debug|Win32
		{89E60C4E-0F94-414E-996D-A33F74A2F602}.Debug|x86.Build.0 = Debug|Win32
		{89E60C4E-0F94-414E-996D-A33F74A2F602}.Release|x64.ActiveCfg = Release|x64
		{89E60C4E-0F94-414E-996D-A33F74A2F602}.Release|x64.Build.0 = Release|x64
		{89E60C4E-0F94-414E-996D-A33F74A2F602}.Release|x86.ActiveCfg = Release|Win32
		{89E60C4E-0F94-414E-996D-A33F74A2F602}.Release|x86.Build.0 = Release|Win32
		{571227CA-5FBA-4DA6-A740-FD3C0C255B08}.Debug|x64.ActiveCfg = Debug|x64
		{571227CA-5FBA-4DA6-A740-FD3C0C255B08}.Debug|x64.Build.0 = Debug|x64
		{571227CA-5FBA-4DA6-A740-FD3C0C255B08}.Debug|x86.ActiveCfg = Debug|Win32
		{571227CA-5FBA-4DA6-A740-FD3C0C255B08}.Debug|x86.Build.0 = Debug|Win32
		{571227CA-5FBA-4DA6-A740-FD3C0C255B08}.Release|x64.ActiveCfg = Release|x64
		{571227CA-5FBA-4DA6-A740-FD3C0C255B08}.Release|x64.Build.0 = Release|x64
		{571227CA-5FBA-4DA6-A740-FD3C0C255B08}.Release|x86.ActiveCfg = Release|Win32
		{571227CA-5FBA-4DA6-A740-FD3C0C255B08}.Release|x86.Build.0 = Release|Win32
		{B8F27CBD-7FBA-4FF6-B4E4-1C1979C8666C}.Debug|x64.ActiveCfg = Debug|x64
		{B8F27CBD-7FBA-4FF6-B4E4-1C1979C8666C}.Debug|x64.Build.0 = Debug|x64
		{B8F27CBD-7FBA-4FF6-B4E4-1C1979C8666C}.Debug|x86.ActiveCfg = Debug|Win32
		{B8F27CBD-7FBA-4FF6-B4E4-1C1979C8666C}.Debug|x86.Build.0 = Debug|Win32
		{B8F27CBD-7FBA-4FF6-B4E4-1C1979C8666C}.Release|x64.ActiveCfg = Release|x64
		{B8F27CBD-7FBA-4FF6-B4E4-1C1979C8666C}.Release|x64.Build.0 = Release|x64
		{B8F27CBD-7FBA-4FF6-B4E4-1C1979C8666C}.Release|x86.ActiveCfg = Release|Win32
		{B8F27CBD-7FBA-4FF6-B4E4-1C1979C8666C}.Release|x86.Build.0 = Release|Win32
		{BF2070F1-7D53-49BF-99A8-9267D54849CD}.Debug|x64.ActiveCfg = Debug|x64
		{BF2070F1-7D53-49BF-99A8-9267D54849CD}.Debug|x64.Build.0 = Debug|x64
		{BF2070F1-7D53-49BF-99A8-9267D54849CD}.Debug|x86.ActiveCfg = Debug|Win32
		{BF2070F1-7D53-49BF-99A8-9267D54849CD}.Debug|x86.Build.0 = Debug|Win32
		{BF2070F1-7D53-49BF-99A8-9267D54849CD}.Release|x64.ActiveCfg = Release|x64
		{BF2070F1-7D53-49BF-99A8-9267D54849CD}.Release|x64.Build.0 = Release|x64
		{BF2070F1-7D53-49BF-99A8-9267D54849CD}.Release|x86.ActiveCfg = Release|Win32
		{BF2070F1-7D53-49BF-99A8-9267D54849CD}.Release|x86.Build.0 = Release|Win32
		{40745626-8901-4D22-986B-8B2FECB665BA}.Debug|x64.ActiveCfg = Debug|x64
		{40745626-8901-4D22-986B-8B2FECB665BA}.Debug|x64.Build.0 = Debug|x64
		{40745626-8901-4D22-986B-8B2FECB665BA}.Debug|x86.ActiveCfg = Debug|Win32
		{40745626-8901-4D22-986B-8B2FECB665BA}.Debug|x86.Build.0 = Debug|Win32
		{40745626-8901-4D22-986B-8B2FECB665BA}.Release|x64.ActiveCfg = Release|x64
		{40745626-8901-4D22-986B-8B2FECB665BA}.Release|x64.Build.0 = Release|x64
		{40745626-8901-4D22-986B-8B2FECB665BA}.Release|x86.ActiveCfg = Release|Win32
		{40745626-8901-4D22-986B-8B2FECB665BA}.Release|x86.Build.0 = Release|Win32
		{A2D28288-61AE-4B4F-9E25-521A78C1E71E}.Debug|x64.ActiveCfg = Debug|x64
		{A2D28288-61AE-4B4F-9E25-521A78C1E71E}.Debug|x64.Build.0 = Debug|x64
		{A2D28288-61AE-4B4F-9E25-521A78C1E71E}.Debug|x86.ActiveCfg = Debug|Win32
		{A2D28288-61AE-4B4F-9E25-521A78C1E71E}.Debug|x86.Build.0 = Debug|Win32
		{A2D28288-61AE-4B4F-9E25-521A78C1E71E}.Release|x64.ActiveCfg = Release|x64
		{A2D28288-61AE-4B4F-9E25-521A78C1E71E}.Release|x64.Build.0 = Release|x64
		{A2D28288-61AE-4B4F-9E25-521A78C1E71E}.Release|x86.ActiveCfg = Release|Win32
		{A2D28288-61AE-4B4F-9E25-521A78C1E71E}.Release|x86.Build.0 = Release|Win32
		{B3EFB6FD-E477-451F-B53B-9B03263E854F}.Debug|x64.ActiveCfg = Debug|x64
		{B3EFB6FD-E477-451F-B53B-9B03263E854F}.Debug|x64.Build.0 = Debug|x64
		{B3EFB6FD-E477-451F-B53B-9B03263E854F}.Debug|x86.ActiveCfg = Debug|Win32
		{B3EFB6FD-E477-451F-B53B-9B03263E854F}.Debug|x86.Build.0 = Debug|Win32
		{B3EFB6FD-E477-451F-B53B-9B03263E854F}.Release|x64.ActiveCfg = Release|x64
		{B3EFB6FD-E477-451F-B53B-9B03263E854F}.Release|x64.Build.0 = Release|x64
		{B3EFB6FD-E477-451F-B53B-9B03263E854F}.Release|x86.ActiveCfg = Release|Win32
		{B3EFB6FD-E477-451F-B53B-9B03263E854F}.Release|x86.Build.0 = Release|Win32
		{D5CF50FC-B939-4A7F-AD95-A1F958EE3742}.Debug|x64.ActiveCfg = Debug|x64
		{D5CF50FC-B939-4A7F-AD95-A1F958EE3742}.Debug|x64.Build.0 = Debug|x64
		{D5CF50FC-B939-4A7F-AD95-A1F958EE3742}.Debug|x86.ActiveCfg = Debug|Win32
		{D5CF50FC-B939-4A7F-AD95-A1F958EE3742}.Debug|x86.Build.0 = Debug|Win32
		{D5CF50FC-B939-4A7F-AD95-A1F958EE3742}.Release|x64.ActiveCfg = Release|x64
		{D5CF50FC-B939-4A7F-AD95-A1F958EE3742}.Release|x64.Build.0 = Release|x64
		{D5CF50FC-B939-4A7F-AD95-A1F958EE3742}.Release|x86.ActiveCfg = Release|Win32
		{D5CF50FC-B939-4A7F-AD95-A1F958EE3742}.Release|x86.Build.0 = Release|Win32
	EndGlobalSection
	GlobalSection(SolutionProperties) = preSolution
		HideSolutionNode = FALSE
	EndGlobalSection
	GlobalSection(NestedProjects) = preSolution
		{C70AE383-569E-4428-9F16-1FFD6C0B2078} = {F2A5A1DF-4E9F-4BEB-8C22-8729AC681B17}
		{8FEC142C-BF1E-45B1-945C-BCBA6CF80DD6} = {F2A5A1DF-4E9F-4BEB-8C22-8729AC681B17}
		{F77F106B-5DF1-4844-83C6-3C4F22F56FEE} = {9D587055-489F-4D9D-AA13-6E34FB76A14C}
		{39B38D3D-EFC4-44E5-BBA5-C690A58ED740} = {9D587055-489F-4D9D-AA13-6E34FB76A14C}
		{3C94557B-80C9-4FD3-B6FA-0C006040151B} = {9D587055-489F-4D9D-AA13-6E34FB76A14C}
		{CB04F0F1-0312-4349-8A9F-D690E2561125} = {9D587055-489F-4D9D-AA13-6E34FB76A14C}
		{AA3D883F-A37A-4AA1-A203-7BE9C0DBAFB9} = {9D587055-489F-4D9D-AA13-6E34FB76A14C}
		{C99F8BF6-E7AC-4031-91FA-AC7643C54F12} = {9D587055-489F-4D9D-AA13-6E34FB76A14C}
		{2420C3AA-2948-4077-8493-A3F899E00B49} = {9D587055-489F-4D9D-AA13-6E34FB76A14C}
		{89E60C4E-0F94-414E-996D-A33F74A2F602} = {9D587055-489F-4D9D-AA13-6E34FB76A14C}
		{571227CA-5FBA-4DA6-A740-FD3C0C255B08} = {9D587055-489F-4D9D-AA13-6E34FB76A14C}
		{B8F27CBD-7FBA-4FF6-B4E4-1C1979C8666C} = {775B2B7F-4CE8-434D-AD68-78DC93F8D8D4}
		{BF2070F1-7D53-49BF-99A8-9267D54849CD} = {775B2B7F-4CE8-434D-AD68-78DC93F8D8D4}
		{40745626-8901-4D22-986B-8B2FECB665BA} = {775B2B7F-4CE8-434D-AD68-78DC93F8D8D4}
		{A2D28288-61AE-4B4F-9E25-521A78C1E71E} = {775B2B7F-4CE8-434D-AD68-78DC93F8D8D4}
		{2A757C6E-865B-4EC7-8017-E9B9DA23B075} = {8411871B-C9C7-4366-B022-3F68D3F6758E}
		{B3EFB6FD-E477-451F-B53B-9B03263E854F} = {2A757C6E-865B-4EC7-8017-E9B9DA23B075}
		{D5CF50FC-B939-4A7F-AD95-A1F958EE3742} = {2A757C6E-865B-4EC7-8017-E9B9DA23B075}
	EndGlobalSection
	GlobalSection(ExtensibilityGlobals) = postSolution
		SolutionGuid = {170C8343-3BDA-4C90-A8BC-4C5F1DCCC0D4}
	EndGlobalSection
EndGlobal
